
Microsoft Visual Studio Solution File, Format Version 12.00
# Visual Studio Version 17
VisualStudioVersion = 17.2.32616.157
MinimumVisualStudioVersion = 10.0.40219.1
Project("{FAE04EC0-301F-11D3-BF4B-00C04F79EFBC}") = "POOII-CalculadoraDeIR.Presentation", "POOII-CalculadoraDeIR.Presentation\POOII-CalculadoraDeIR.Presentation.csproj", "{8D84C297-7D60-415E-A89D-3ABD441D80F4}"
EndProject
Project("{FAE04EC0-301F-11D3-BF4B-00C04F79EFBC}") = "POOII-CalculadoraDeIR.Domain", "POOII-CalculadoraDeIR.Domain\POOII-CalculadoraDeIR.Domain.csproj", "{86FF31B1-A3EC-4571-9476-0A2C2C9BC738}"
EndProject
Project("{FAE04EC0-301F-11D3-BF4B-00C04F79EFBC}") = "POOII-CalculadoraDeIR.Service", "POOII-CalculadoraDeIR.Service\POOII-CalculadoraDeIR.Service.csproj", "{3FF1A6E8-B584-472B-9E19-DA414416C7FF}"
EndProject
Global
	GlobalSection(SolutionConfigurationPlatforms) = preSolution
		Debug|Any CPU = Debug|Any CPU
		Release|Any CPU = Release|Any CPU
	EndGlobalSection
	GlobalSection(ProjectConfigurationPlatforms) = postSolution
		{8D84C297-7D60-415E-A89D-3ABD441D80F4}.Debug|Any CPU.ActiveCfg = Debug|Any CPU
		{8D84C297-7D60-415E-A89D-3ABD441D80F4}.Debug|Any CPU.Build.0 = Debug|Any CPU
		{8D84C297-7D60-415E-A89D-3ABD441D80F4}.Release|Any CPU.ActiveCfg = Release|Any CPU
		{8D84C297-7D60-415E-A89D-3ABD441D80F4}.Release|Any CPU.Build.0 = Release|Any CPU
		{86FF31B1-A3EC-4571-9476-0A2C2C9BC738}.Debug|Any CPU.ActiveCfg = Debug|Any CPU
		{86FF31B1-A3EC-4571-9476-0A2C2C9BC738}.Debug|Any CPU.Build.0 = Debug|Any CPU
		{86FF31B1-A3EC-4571-9476-0A2C2C9BC738}.Release|Any CPU.ActiveCfg = Release|Any CPU
		{86FF31B1-A3EC-4571-9476-0A2C2C9BC738}.Release|Any CPU.Build.0 = Release|Any CPU
		{3FF1A6E8-B584-472B-9E19-DA414416C7FF}.Debug|Any CPU.ActiveCfg = Debug|Any CPU
		{3FF1A6E8-B584-472B-9E19-DA414416C7FF}.Debug|Any CPU.Build.0 = Debug|Any CPU
		{3FF1A6E8-B584-472B-9E19-DA414416C7FF}.Release|Any CPU.ActiveCfg = Release|Any CPU
		{3FF1A6E8-B584-472B-9E19-DA414416C7FF}.Release|Any CPU.Build.0 = Release|Any CPU
	EndGlobalSection
	GlobalSection(SolutionProperties) = preSolution
		HideSolutionNode = FALSE
	EndGlobalSection
	GlobalSection(ExtensibilityGlobals) = postSolution
		SolutionGuid = {66D17EE4-E124-4008-92CA-80D844193E0D}
	EndGlobalSection
EndGlobal
